
Microsoft Visual Studio Solution File, Format Version 12.00
# Visual Studio 14
VisualStudioVersion = 14.0.25420.1
MinimumVisualStudioVersion = 10.0.40219.1
Project("{FAE04EC0-301F-11D3-BF4B-00C04F79EFBC}") = "HotelProject", "HotelProject\HotelProject.csproj", "{CDF924AE-C966-4E3D-92E1-168820F0A734}"
EndProject
Project("{FAE04EC0-301F-11D3-BF4B-00C04F79EFBC}") = "HotelProject.Tests", "HotelProject.Tests\HotelProject.Tests.csproj", "{5B68DA6F-C713-41E8-819C-7DDA8ADD32F5}"
EndProject
Project("{FAE04EC0-301F-11D3-BF4B-00C04F79EFBC}") = "Models", "Models\Models.csproj", "{70C7D978-4229-4D7C-B2D7-D0A5CE56237A}"
EndProject
Project("{FAE04EC0-301F-11D3-BF4B-00C04F79EFBC}") = "DAL", "DAL\DAL.csproj", "{DBF73597-EB86-4A09-A908-7D006EF8532E}"
EndProject
Project("{FAE04EC0-301F-11D3-BF4B-00C04F79EFBC}") = "BLL", "BLL\BLL.csproj", "{E6D6433C-289C-4EC5-A34A-0FC11BEE08AA}"
EndProject
Global
	GlobalSection(SolutionConfigurationPlatforms) = preSolution
		Debug|Any CPU = Debug|Any CPU
		Release|Any CPU = Release|Any CPU
	EndGlobalSection
	GlobalSection(ProjectConfigurationPlatforms) = postSolution
		{CDF924AE-C966-4E3D-92E1-168820F0A734}.Debug|Any CPU.ActiveCfg = Debug|Any CPU
		{CDF924AE-C966-4E3D-92E1-168820F0A734}.Debug|Any CPU.Build.0 = Debug|Any CPU
		{CDF924AE-C966-4E3D-92E1-168820F0A734}.Release|Any CPU.ActiveCfg = Release|Any CPU
		{CDF924AE-C966-4E3D-92E1-168820F0A734}.Release|Any CPU.Build.0 = Release|Any CPU
		{5B68DA6F-C713-41E8-819C-7DDA8ADD32F5}.Debug|Any CPU.ActiveCfg = Debug|Any CPU
		{5B68DA6F-C713-41E8-819C-7DDA8ADD32F5}.Debug|Any CPU.Build.0 = Debug|Any CPU
		{5B68DA6F-C713-41E8-819C-7DDA8ADD32F5}.Release|Any CPU.ActiveCfg = Release|Any CPU
		{5B68DA6F-C713-41E8-819C-7DDA8ADD32F5}.Release|Any CPU.Build.0 = Release|Any CPU
		{70C7D978-4229-4D7C-B2D7-D0A5CE56237A}.Debug|Any CPU.ActiveCfg = Debug|Any CPU
		{70C7D978-4229-4D7C-B2D7-D0A5CE56237A}.Debug|Any CPU.Build.0 = Debug|Any CPU
		{70C7D978-4229-4D7C-B2D7-D0A5CE56237A}.Release|Any CPU.ActiveCfg = Release|Any CPU
		{70C7D978-4229-4D7C-B2D7-D0A5CE56237A}.Release|Any CPU.Build.0 = Release|Any CPU
		{DBF73597-EB86-4A09-A908-7D006EF8532E}.Debug|Any CPU.ActiveCfg = Debug|Any CPU
		{DBF73597-EB86-4A09-A908-7D006EF8532E}.Debug|Any CPU.Build.0 = Debug|Any CPU
		{DBF73597-EB86-4A09-A908-7D006EF8532E}.Release|Any CPU.ActiveCfg = Release|Any CPU
		{DBF73597-EB86-4A09-A908-7D006EF8532E}.Release|Any CPU.Build.0 = Release|Any CPU
		{E6D6433C-289C-4EC5-A34A-0FC11BEE08AA}.Debug|Any CPU.ActiveCfg = Debug|Any CPU
		{E6D6433C-289C-4EC5-A34A-0FC11BEE08AA}.Debug|Any CPU.Build.0 = Debug|Any CPU
		{E6D6433C-289C-4EC5-A34A-0FC11BEE08AA}.Release|Any CPU.ActiveCfg = Release|Any CPU
		{E6D6433C-289C-4EC5-A34A-0FC11BEE08AA}.Release|Any CPU.Build.0 = Release|Any CPU
	EndGlobalSection
	GlobalSection(SolutionProperties) = preSolution
		HideSolutionNode = FALSE
	EndGlobalSection
EndGlobal
