
Microsoft Visual Studio Solution File, Format Version 12.00
# Visual Studio 14
VisualStudioVersion = 14.0.25420.1
MinimumVisualStudioVersion = 10.0.40219.1
Project("{FAE04EC0-301F-11D3-BF4B-00C04F79EFBC}") = "web", "web\web.csproj", "{00C4331B-086D-4894-BA46-1E8A7DEE0843}"
EndProject
Project("{FAE04EC0-301F-11D3-BF4B-00C04F79EFBC}") = "BLL", "BLL\BLL.csproj", "{C983869A-2681-4E23-AC95-1299F2467A0E}"
EndProject
Project("{FAE04EC0-301F-11D3-BF4B-00C04F79EFBC}") = "DAL", "DAL\DAL.csproj", "{7555D876-3AE0-4F5C-B1FF-14E7B8723F0D}"
EndProject
Project("{FAE04EC0-301F-11D3-BF4B-00C04F79EFBC}") = "Models", "Models\Models.csproj", "{8EC30377-3AE3-4BA6-B5B2-95C8A033C198}"
EndProject
Global
	GlobalSection(SolutionConfigurationPlatforms) = preSolution
		Debug|Any CPU = Debug|Any CPU
		Release|Any CPU = Release|Any CPU
	EndGlobalSection
	GlobalSection(ProjectConfigurationPlatforms) = postSolution
		{00C4331B-086D-4894-BA46-1E8A7DEE0843}.Debug|Any CPU.ActiveCfg = Debug|Any CPU
		{00C4331B-086D-4894-BA46-1E8A7DEE0843}.Debug|Any CPU.Build.0 = Debug|Any CPU
		{00C4331B-086D-4894-BA46-1E8A7DEE0843}.Release|Any CPU.ActiveCfg = Release|Any CPU
		{00C4331B-086D-4894-BA46-1E8A7DEE0843}.Release|Any CPU.Build.0 = Release|Any CPU
		{C983869A-2681-4E23-AC95-1299F2467A0E}.Debug|Any CPU.ActiveCfg = Debug|Any CPU
		{C983869A-2681-4E23-AC95-1299F2467A0E}.Debug|Any CPU.Build.0 = Debug|Any CPU
		{C983869A-2681-4E23-AC95-1299F2467A0E}.Release|Any CPU.ActiveCfg = Release|Any CPU
		{C983869A-2681-4E23-AC95-1299F2467A0E}.Release|Any CPU.Build.0 = Release|Any CPU
		{7555D876-3AE0-4F5C-B1FF-14E7B8723F0D}.Debug|Any CPU.ActiveCfg = Debug|Any CPU
		{7555D876-3AE0-4F5C-B1FF-14E7B8723F0D}.Debug|Any CPU.Build.0 = Debug|Any CPU
		{7555D876-3AE0-4F5C-B1FF-14E7B8723F0D}.Release|Any CPU.ActiveCfg = Release|Any CPU
		{7555D876-3AE0-4F5C-B1FF-14E7B8723F0D}.Release|Any CPU.Build.0 = Release|Any CPU
		{8EC30377-3AE3-4BA6-B5B2-95C8A033C198}.Debug|Any CPU.ActiveCfg = Debug|Any CPU
		{8EC30377-3AE3-4BA6-B5B2-95C8A033C198}.Debug|Any CPU.Build.0 = Debug|Any CPU
		{8EC30377-3AE3-4BA6-B5B2-95C8A033C198}.Release|Any CPU.ActiveCfg = Release|Any CPU
		{8EC30377-3AE3-4BA6-B5B2-95C8A033C198}.Release|Any CPU.Build.0 = Release|Any CPU
	EndGlobalSection
	GlobalSection(SolutionProperties) = preSolution
		HideSolutionNode = FALSE
	EndGlobalSection
EndGlobal
